Microsoft Visual Studio Solution File, Format Version 11.00
# Visual Studio 2008

Project("{06EBF90E-1E9C-E1AB-13D5-1181AB5711C7}") = "modding_week3", "Assembly-CSharp-firstpass-vs.csproj", "{BA399631-C8A3-09B8-1AF3-B1AF0EC1C67F}"
EndProject
Project("{06EBF90E-1E9C-E1AB-13D5-1181AB5711C7}") = "modding_week3", "Assembly-CSharp-vs.csproj", "{64D3CA89-021A-6941-2F0F-88A38F05AC19}"
EndProject
Global
	GlobalSection(SolutionConfigurationPlatforms) = preSolution
		Debug|Any CPU = Debug|Any CPU
		Release|Any CPU = Release|Any CPU
	EndGlobalSection
	GlobalSection(ProjectConfigurationPlatforms) = postSolution
		{BA399631-C8A3-09B8-1AF3-B1AF0EC1C67F}.Debug|Any CPU.ActiveCfg = Debug|Any CPU
		{BA399631-C8A3-09B8-1AF3-B1AF0EC1C67F}.Debug|Any CPU.Build.0 = Debug|Any CPU
		{BA399631-C8A3-09B8-1AF3-B1AF0EC1C67F}.Release|Any CPU.ActiveCfg = Release|Any CPU
		{BA399631-C8A3-09B8-1AF3-B1AF0EC1C67F}.Release|Any CPU.Build.0 = Release|Any CPU
		{64D3CA89-021A-6941-2F0F-88A38F05AC19}.Debug|Any CPU.ActiveCfg = Debug|Any CPU
		{64D3CA89-021A-6941-2F0F-88A38F05AC19}.Debug|Any CPU.Build.0 = Debug|Any CPU
		{64D3CA89-021A-6941-2F0F-88A38F05AC19}.Release|Any CPU.ActiveCfg = Release|Any CPU
		{64D3CA89-021A-6941-2F0F-88A38F05AC19}.Release|Any CPU.Build.0 = Release|Any CPU
	EndGlobalSection
	GlobalSection(SolutionProperties) = preSolution
		HideSolutionNode = FALSE
	EndGlobalSection
																	GlobalSection(MonoDevelopProperties) = preSolution
		StartupItem = Assembly-CSharp.csproj
		Policies = $0
		$0.TextStylePolicy = $1
		$1.inheritsSet = null
		$1.scope = text/x-csharp
		$0.CSharpFormattingPolicy = $2
		$2.inheritsSet = Mono
		$2.inheritsScope = text/x-csharp
		$2.scope = text/x-csharp
		$0.TextStylePolicy = $3
		$3.FileWidth = 120
		$3.TabWidth = 4
		$3.EolMarker = Unix
		$3.inheritsSet = Mono
		$3.inheritsScope = text/plain
		$3.scope = text/plain
	EndGlobalSection

EndGlobal
